
Microsoft Visual Studio Solution File, Format Version 12.00
# Visual Studio Version 16
VisualStudioVersion = 16.0.31025.194
MinimumVisualStudioVersion = 10.0.40219.1
Project("{FAE04EC0-301F-11D3-BF4B-00C04F79EFBC}") = "game", "game\game.csproj", "{AA8C0EF3-14E4-4EFC-818E-12B6FAE8DF10}"
EndProject
Global
	GlobalSection(SolutionConfigurationPlatforms) = preSolution
		Debug|Any CPU = Debug|Any CPU
		Release|Any CPU = Release|Any CPU
	EndGlobalSection
	GlobalSection(ProjectConfigurationPlatforms) = postSolution
		{AA8C0EF3-14E4-4EFC-818E-12B6FAE8DF10}.Debug|Any CPU.ActiveCfg = Debug|Any CPU
		{AA8C0EF3-14E4-4EFC-818E-12B6FAE8DF10}.Debug|Any CPU.Build.0 = Debug|Any CPU
		{AA8C0EF3-14E4-4EFC-818E-12B6FAE8DF10}.Release|Any CPU.ActiveCfg = Release|Any CPU
		{AA8C0EF3-14E4-4EFC-818E-12B6FAE8DF10}.Release|Any CPU.Build.0 = Release|Any CPU
	EndGlobalSection
	GlobalSection(SolutionProperties) = preSolution
		HideSolutionNode = FALSE
	EndGlobalSection
	GlobalSection(ExtensibilityGlobals) = postSolution
		SolutionGuid = {652CC78D-E61E-4F59-B200-D204D966A0F2}
	EndGlobalSection
EndGlobal
